
Microsoft Visual Studio Solution File, Format Version 12.00
# Visual Studio Version 16
Project("{2150E333-8FDC-42A3-9474-1A3956D46DE8}") = "CMakePredefinedTargets", "CMakePredefinedTargets", "{DCBD0D69-B05B-3E9C-BF52-3C257DE9CD15}"
EndProject
Project("{2150E333-8FDC-42A3-9474-1A3956D46DE8}") = "app", "app", "{74296C40-1DBA-38BD-81C2-6C919DDF629F}"
EndProject
Project("{2150E333-8FDC-42A3-9474-1A3956D46DE8}") = "lib", "lib", "{BBC704C9-12CE-3A6D-92D4-D9B303C7689A}"
EndProject
Project("{8BC9CEB8-8B4A-11D0-8D11-00A0C91BC942}") = "ALL_BUILD", "ALL_BUILD.vcxproj", "{5935EE9E-8D28-3C92-A178-3792A667B363}"
	ProjectSection(ProjectDependencies) = postProject
		{CBF68030-077E-389F-A732-7D88489F2809} = {CBF68030-077E-389F-A732-7D88489F2809}
		{4E3F0DED-DA33-384C-BE7E-AB13D5965890} = {4E3F0DED-DA33-384C-BE7E-AB13D5965890}
		{21397276-1A85-3EF1-BE51-EBCE1C6B96FA} = {21397276-1A85-3EF1-BE51-EBCE1C6B96FA}
		{4BF4F29F-6473-32C6-B8F8-633AD3F6FECE} = {4BF4F29F-6473-32C6-B8F8-633AD3F6FECE}
		{71F48E1D-136C-3729-BD94-5610D992D0A0} = {71F48E1D-136C-3729-BD94-5610D992D0A0}
		{4C8F6D88-BC2F-3F68-B428-737F74C7DF20} = {4C8F6D88-BC2F-3F68-B428-737F74C7DF20}
		{501EC646-E228-3823-B573-DE8986942C22} = {501EC646-E228-3823-B573-DE8986942C22}
	EndProjectSection
EndProject
Project("{8BC9CEB8-8B4A-11D0-8D11-00A0C91BC942}") = "CommonLib", "src\CommonLib.vcxproj", "{CBF68030-077E-389F-A732-7D88489F2809}"
	ProjectSection(ProjectDependencies) = postProject
		{4BF4F29F-6473-32C6-B8F8-633AD3F6FECE} = {4BF4F29F-6473-32C6-B8F8-633AD3F6FECE}
	EndProjectSection
EndProject
Project("{8BC9CEB8-8B4A-11D0-8D11-00A0C91BC942}") = "DecoderLib", "src\DecoderLib.vcxproj", "{4E3F0DED-DA33-384C-BE7E-AB13D5965890}"
	ProjectSection(ProjectDependencies) = postProject
		{CBF68030-077E-389F-A732-7D88489F2809} = {CBF68030-077E-389F-A732-7D88489F2809}
		{4BF4F29F-6473-32C6-B8F8-633AD3F6FECE} = {4BF4F29F-6473-32C6-B8F8-633AD3F6FECE}
	EndProjectSection
EndProject
Project("{8BC9CEB8-8B4A-11D0-8D11-00A0C91BC942}") = "EncoderLib", "src\EncoderLib.vcxproj", "{21397276-1A85-3EF1-BE51-EBCE1C6B96FA}"
	ProjectSection(ProjectDependencies) = postProject
		{CBF68030-077E-389F-A732-7D88489F2809} = {CBF68030-077E-389F-A732-7D88489F2809}
		{4BF4F29F-6473-32C6-B8F8-633AD3F6FECE} = {4BF4F29F-6473-32C6-B8F8-633AD3F6FECE}
	EndProjectSection
EndProject
Project("{8BC9CEB8-8B4A-11D0-8D11-00A0C91BC942}") = "ZERO_CHECK", "ZERO_CHECK.vcxproj", "{4BF4F29F-6473-32C6-B8F8-633AD3F6FECE}"
	ProjectSection(ProjectDependencies) = postProject
	EndProjectSection
EndProject
Project("{8BC9CEB8-8B4A-11D0-8D11-00A0C91BC942}") = "app_bitstream_merge", "app\app_bitstream_merge.vcxproj", "{71F48E1D-136C-3729-BD94-5610D992D0A0}"
	ProjectSection(ProjectDependencies) = postProject
		{CBF68030-077E-389F-A732-7D88489F2809} = {CBF68030-077E-389F-A732-7D88489F2809}
		{4E3F0DED-DA33-384C-BE7E-AB13D5965890} = {4E3F0DED-DA33-384C-BE7E-AB13D5965890}
		{21397276-1A85-3EF1-BE51-EBCE1C6B96FA} = {21397276-1A85-3EF1-BE51-EBCE1C6B96FA}
		{4BF4F29F-6473-32C6-B8F8-633AD3F6FECE} = {4BF4F29F-6473-32C6-B8F8-633AD3F6FECE}
	EndProjectSection
EndProject
Project("{8BC9CEB8-8B4A-11D0-8D11-00A0C91BC942}") = "app_decoder", "app\app_decoder.vcxproj", "{4C8F6D88-BC2F-3F68-B428-737F74C7DF20}"
	ProjectSection(ProjectDependencies) = postProject
		{CBF68030-077E-389F-A732-7D88489F2809} = {CBF68030-077E-389F-A732-7D88489F2809}
		{4E3F0DED-DA33-384C-BE7E-AB13D5965890} = {4E3F0DED-DA33-384C-BE7E-AB13D5965890}
		{4BF4F29F-6473-32C6-B8F8-633AD3F6FECE} = {4BF4F29F-6473-32C6-B8F8-633AD3F6FECE}
	EndProjectSection
EndProject
Project("{8BC9CEB8-8B4A-11D0-8D11-00A0C91BC942}") = "app_encoder", "app\app_encoder.vcxproj", "{501EC646-E228-3823-B573-DE8986942C22}"
	ProjectSection(ProjectDependencies) = postProject
		{CBF68030-077E-389F-A732-7D88489F2809} = {CBF68030-077E-389F-A732-7D88489F2809}
		{21397276-1A85-3EF1-BE51-EBCE1C6B96FA} = {21397276-1A85-3EF1-BE51-EBCE1C6B96FA}
		{4BF4F29F-6473-32C6-B8F8-633AD3F6FECE} = {4BF4F29F-6473-32C6-B8F8-633AD3F6FECE}
	EndProjectSection
EndProject
Global
	GlobalSection(SolutionConfigurationPlatforms) = preSolution
		Debug|x64 = Debug|x64
		Release|x64 = Release|x64
		MinSizeRel|x64 = MinSizeRel|x64
		RelWithDebInfo|x64 = RelWithDebInfo|x64
	EndGlobalSection
	GlobalSection(ProjectConfigurationPlatforms) = postSolution
		{5935EE9E-8D28-3C92-A178-3792A667B363}.Debug|x64.ActiveCfg = Debug|x64
		{5935EE9E-8D28-3C92-A178-3792A667B363}.Release|x64.ActiveCfg = Release|x64
		{5935EE9E-8D28-3C92-A178-3792A667B363}.MinSizeRel|x64.ActiveCfg = MinSizeRel|x64
		{5935EE9E-8D28-3C92-A178-3792A667B363}.RelWithDebInfo|x64.ActiveCfg = RelWithDebInfo|x64
		{CBF68030-077E-389F-A732-7D88489F2809}.Debug|x64.ActiveCfg = Debug|x64
		{CBF68030-077E-389F-A732-7D88489F2809}.Debug|x64.Build.0 = Debug|x64
		{CBF68030-077E-389F-A732-7D88489F2809}.Release|x64.ActiveCfg = Release|x64
		{CBF68030-077E-389F-A732-7D88489F2809}.Release|x64.Build.0 = Release|x64
		{CBF68030-077E-389F-A732-7D88489F2809}.MinSizeRel|x64.ActiveCfg = MinSizeRel|x64
		{CBF68030-077E-389F-A732-7D88489F2809}.MinSizeRel|x64.Build.0 = MinSizeRel|x64
		{CBF68030-077E-389F-A732-7D88489F2809}.RelWithDebInfo|x64.ActiveCfg = RelWithDebInfo|x64
		{CBF68030-077E-389F-A732-7D88489F2809}.RelWithDebInfo|x64.Build.0 = RelWithDebInfo|x64
		{4E3F0DED-DA33-384C-BE7E-AB13D5965890}.Debug|x64.ActiveCfg = Debug|x64
		{4E3F0DED-DA33-384C-BE7E-AB13D5965890}.Debug|x64.Build.0 = Debug|x64
		{4E3F0DED-DA33-384C-BE7E-AB13D5965890}.Release|x64.ActiveCfg = Release|x64
		{4E3F0DED-DA33-384C-BE7E-AB13D5965890}.Release|x64.Build.0 = Release|x64
		{4E3F0DED-DA33-384C-BE7E-AB13D5965890}.MinSizeRel|x64.ActiveCfg = MinSizeRel|x64
		{4E3F0DED-DA33-384C-BE7E-AB13D5965890}.MinSizeRel|x64.Build.0 = MinSizeRel|x64
		{4E3F0DED-DA33-384C-BE7E-AB13D5965890}.RelWithDebInfo|x64.ActiveCfg = RelWithDebInfo|x64
		{4E3F0DED-DA33-384C-BE7E-AB13D5965890}.RelWithDebInfo|x64.Build.0 = RelWithDebInfo|x64
		{21397276-1A85-3EF1-BE51-EBCE1C6B96FA}.Debug|x64.ActiveCfg = Debug|x64
		{21397276-1A85-3EF1-BE51-EBCE1C6B96FA}.Debug|x64.Build.0 = Debug|x64
		{21397276-1A85-3EF1-BE51-EBCE1C6B96FA}.Release|x64.ActiveCfg = Release|x64
		{21397276-1A85-3EF1-BE51-EBCE1C6B96FA}.Release|x64.Build.0 = Release|x64
		{21397276-1A85-3EF1-BE51-EBCE1C6B96FA}.MinSizeRel|x64.ActiveCfg = MinSizeRel|x64
		{21397276-1A85-3EF1-BE51-EBCE1C6B96FA}.MinSizeRel|x64.Build.0 = MinSizeRel|x64
		{21397276-1A85-3EF1-BE51-EBCE1C6B96FA}.RelWithDebInfo|x64.ActiveCfg = RelWithDebInfo|x64
		{21397276-1A85-3EF1-BE51-EBCE1C6B96FA}.RelWithDebInfo|x64.Build.0 = RelWithDebInfo|x64
		{4BF4F29F-6473-32C6-B8F8-633AD3F6FECE}.Debug|x64.ActiveCfg = Debug|x64
		{4BF4F29F-6473-32C6-B8F8-633AD3F6FECE}.Debug|x64.Build.0 = Debug|x64
		{4BF4F29F-6473-32C6-B8F8-633AD3F6FECE}.Release|x64.ActiveCfg = Release|x64
		{4BF4F29F-6473-32C6-B8F8-633AD3F6FECE}.Release|x64.Build.0 = Release|x64
		{4BF4F29F-6473-32C6-B8F8-633AD3F6FECE}.MinSizeRel|x64.ActiveCfg = MinSizeRel|x64
		{4BF4F29F-6473-32C6-B8F8-633AD3F6FECE}.MinSizeRel|x64.Build.0 = MinSizeRel|x64
		{4BF4F29F-6473-32C6-B8F8-633AD3F6FECE}.RelWithDebInfo|x64.ActiveCfg = RelWithDebInfo|x64
		{4BF4F29F-6473-32C6-B8F8-633AD3F6FECE}.RelWithDebInfo|x64.Build.0 = RelWithDebInfo|x64
		{71F48E1D-136C-3729-BD94-5610D992D0A0}.Debug|x64.ActiveCfg = Debug|x64
		{71F48E1D-136C-3729-BD94-5610D992D0A0}.Debug|x64.Build.0 = Debug|x64
		{71F48E1D-136C-3729-BD94-5610D992D0A0}.Release|x64.ActiveCfg = Release|x64
		{71F48E1D-136C-3729-BD94-5610D992D0A0}.Release|x64.Build.0 = Release|x64
		{71F48E1D-136C-3729-BD94-5610D992D0A0}.MinSizeRel|x64.ActiveCfg = MinSizeRel|x64
		{71F48E1D-136C-3729-BD94-5610D992D0A0}.MinSizeRel|x64.Build.0 = MinSizeRel|x64
		{71F48E1D-136C-3729-BD94-5610D992D0A0}.RelWithDebInfo|x64.ActiveCfg = RelWithDebInfo|x64
		{71F48E1D-136C-3729-BD94-5610D992D0A0}.RelWithDebInfo|x64.Build.0 = RelWithDebInfo|x64
		{4C8F6D88-BC2F-3F68-B428-737F74C7DF20}.Debug|x64.ActiveCfg = Debug|x64
		{4C8F6D88-BC2F-3F68-B428-737F74C7DF20}.Debug|x64.Build.0 = Debug|x64
		{4C8F6D88-BC2F-3F68-B428-737F74C7DF20}.Release|x64.ActiveCfg = Release|x64
		{4C8F6D88-BC2F-3F68-B428-737F74C7DF20}.Release|x64.Build.0 = Release|x64
		{4C8F6D88-BC2F-3F68-B428-737F74C7DF20}.MinSizeRel|x64.ActiveCfg = MinSizeRel|x64
		{4C8F6D88-BC2F-3F68-B428-737F74C7DF20}.MinSizeRel|x64.Build.0 = MinSizeRel|x64
		{4C8F6D88-BC2F-3F68-B428-737F74C7DF20}.RelWithDebInfo|x64.ActiveCfg = RelWithDebInfo|x64
		{4C8F6D88-BC2F-3F68-B428-737F74C7DF20}.RelWithDebInfo|x64.Build.0 = RelWithDebInfo|x64
		{501EC646-E228-3823-B573-DE8986942C22}.Debug|x64.ActiveCfg = Debug|x64
		{501EC646-E228-3823-B573-DE8986942C22}.Debug|x64.Build.0 = Debug|x64
		{501EC646-E228-3823-B573-DE8986942C22}.Release|x64.ActiveCfg = Release|x64
		{501EC646-E228-3823-B573-DE8986942C22}.Release|x64.Build.0 = Release|x64
		{501EC646-E228-3823-B573-DE8986942C22}.MinSizeRel|x64.ActiveCfg = MinSizeRel|x64
		{501EC646-E228-3823-B573-DE8986942C22}.MinSizeRel|x64.Build.0 = MinSizeRel|x64
		{501EC646-E228-3823-B573-DE8986942C22}.RelWithDebInfo|x64.ActiveCfg = RelWithDebInfo|x64
		{501EC646-E228-3823-B573-DE8986942C22}.RelWithDebInfo|x64.Build.0 = RelWithDebInfo|x64
	EndGlobalSection
	GlobalSection(NestedProjects) = preSolution
		{5935EE9E-8D28-3C92-A178-3792A667B363} = {DCBD0D69-B05B-3E9C-BF52-3C257DE9CD15}
		{4BF4F29F-6473-32C6-B8F8-633AD3F6FECE} = {DCBD0D69-B05B-3E9C-BF52-3C257DE9CD15}
		{71F48E1D-136C-3729-BD94-5610D992D0A0} = {74296C40-1DBA-38BD-81C2-6C919DDF629F}
		{4C8F6D88-BC2F-3F68-B428-737F74C7DF20} = {74296C40-1DBA-38BD-81C2-6C919DDF629F}
		{501EC646-E228-3823-B573-DE8986942C22} = {74296C40-1DBA-38BD-81C2-6C919DDF629F}
		{CBF68030-077E-389F-A732-7D88489F2809} = {BBC704C9-12CE-3A6D-92D4-D9B303C7689A}
		{4E3F0DED-DA33-384C-BE7E-AB13D5965890} = {BBC704C9-12CE-3A6D-92D4-D9B303C7689A}
		{21397276-1A85-3EF1-BE51-EBCE1C6B96FA} = {BBC704C9-12CE-3A6D-92D4-D9B303C7689A}
	EndGlobalSection
	GlobalSection(ExtensibilityGlobals) = postSolution
		SolutionGuid = {C18932F2-987E-388F-ACE8-54506153543B}
	EndGlobalSection
	GlobalSection(ExtensibilityAddIns) = postSolution
	EndGlobalSection
EndGlobal
