<?xml version="1.0" encoding="utf-8"?>
<Project ToolsVersion="16.0" xmlns="http://schemas.microsoft.com/developer/msbuild/2003">
  <ItemGroup>
    <ClCompile Include="E:\EVM-AFFINE_DMVR\src\com_ComAdaptiveLoopFilter.c">
      <Filter>Source Files</Filter>
    </ClCompile>
    <ClCompile Include="E:\EVM-AFFINE_DMVR\src\com_df.c">
      <Filter>Source Files</Filter>
    </ClCompile>
    <ClCompile Include="E:\EVM-AFFINE_DMVR\src\com_esao.c">
      <Filter>Source Files</Filter>
    </ClCompile>
    <ClCompile Include="E:\EVM-AFFINE_DMVR\src\com_img.c">
      <Filter>Source Files</Filter>
    </ClCompile>
    <ClCompile Include="E:\EVM-AFFINE_DMVR\src\com_ipred.c">
      <Filter>Source Files</Filter>
    </ClCompile>
    <ClCompile Include="E:\EVM-AFFINE_DMVR\src\com_itdq.c">
      <Filter>Source Files</Filter>
    </ClCompile>
    <ClCompile Include="E:\EVM-AFFINE_DMVR\src\com_mc.c">
      <Filter>Source Files</Filter>
    </ClCompile>
    <ClCompile Include="E:\EVM-AFFINE_DMVR\src\com_picman.c">
      <Filter>Source Files</Filter>
    </ClCompile>
    <ClCompile Include="E:\EVM-AFFINE_DMVR\src\com_recon.c">
      <Filter>Source Files</Filter>
    </ClCompile>
    <ClCompile Include="E:\EVM-AFFINE_DMVR\src\com_sao.c">
      <Filter>Source Files</Filter>
    </ClCompile>
    <ClCompile Include="E:\EVM-AFFINE_DMVR\src\com_tbl.c">
      <Filter>Source Files</Filter>
    </ClCompile>
    <ClCompile Include="E:\EVM-AFFINE_DMVR\src\com_util.c">
      <Filter>Source Files</Filter>
    </ClCompile>
  </ItemGroup>
  <ItemGroup>
    <ClInclude Include="E:\EVM-AFFINE_DMVR\inc\com_ComAdaptiveLoopFilter.h">
      <Filter>Header Files</Filter>
    </ClInclude>
    <ClInclude Include="E:\EVM-AFFINE_DMVR\inc\com_def.h">
      <Filter>Header Files</Filter>
    </ClInclude>
    <ClInclude Include="E:\EVM-AFFINE_DMVR\inc\com_df.h">
      <Filter>Header Files</Filter>
    </ClInclude>
    <ClInclude Include="E:\EVM-AFFINE_DMVR\inc\com_esao.h">
      <Filter>Header Files</Filter>
    </ClInclude>
    <ClInclude Include="E:\EVM-AFFINE_DMVR\inc\com_img.h">
      <Filter>Header Files</Filter>
    </ClInclude>
    <ClInclude Include="E:\EVM-AFFINE_DMVR\inc\com_ipred.h">
      <Filter>Header Files</Filter>
    </ClInclude>
    <ClInclude Include="E:\EVM-AFFINE_DMVR\inc\com_itdq.h">
      <Filter>Header Files</Filter>
    </ClInclude>
    <ClInclude Include="E:\EVM-AFFINE_DMVR\inc\com_mc.h">
      <Filter>Header Files</Filter>
    </ClInclude>
    <ClInclude Include="E:\EVM-AFFINE_DMVR\inc\com_picman.h">
      <Filter>Header Files</Filter>
    </ClInclude>
    <ClInclude Include="E:\EVM-AFFINE_DMVR\inc\com_port.h">
      <Filter>Header Files</Filter>
    </ClInclude>
    <ClInclude Include="E:\EVM-AFFINE_DMVR\inc\com_recon.h">
      <Filter>Header Files</Filter>
    </ClInclude>
    <ClInclude Include="E:\EVM-AFFINE_DMVR\inc\com_sao.h">
      <Filter>Header Files</Filter>
    </ClInclude>
    <ClInclude Include="E:\EVM-AFFINE_DMVR\inc\com_tbl.h">
      <Filter>Header Files</Filter>
    </ClInclude>
    <ClInclude Include="E:\EVM-AFFINE_DMVR\inc\com_typedef.h">
      <Filter>Header Files</Filter>
    </ClInclude>
    <ClInclude Include="E:\EVM-AFFINE_DMVR\inc\com_usp.h">
      <Filter>Header Files</Filter>
    </ClInclude>
    <ClInclude Include="E:\EVM-AFFINE_DMVR\inc\com_util.h">
      <Filter>Header Files</Filter>
    </ClInclude>
  </ItemGroup>
  <ItemGroup>
    <CustomBuild Include="E:\EVM-AFFINE_DMVR\src\CMakeLists.txt" />
  </ItemGroup>
  <ItemGroup>
    <Filter Include="Header Files">
      <UniqueIdentifier>{78CB0E4D-43BF-3AC3-93F3-BA2364018CB3}</UniqueIdentifier>
    </Filter>
    <Filter Include="Source Files">
      <UniqueIdentifier>{F74819DD-AE12-39D8-B614-CC25402A71C4}</UniqueIdentifier>
    </Filter>
  </ItemGroup>
</Project>
