<?xml version="1.0" encoding="utf-8"?>
<Project ToolsVersion="16.0" xmlns="http://schemas.microsoft.com/developer/msbuild/2003">
  <ItemGroup>
    <ClCompile Include="E:\EVM-AFFINE_DMVR\app\app_bitstream_merge.c">
      <Filter>Source Files</Filter>
    </ClCompile>
  </ItemGroup>
  <ItemGroup>
    <CustomBuild Include="E:\EVM-AFFINE_DMVR\app\CMakeLists.txt" />
  </ItemGroup>
  <ItemGroup>
    <Filter Include="Source Files">
      <UniqueIdentifier>{F74819DD-AE12-39D8-B614-CC25402A71C4}</UniqueIdentifier>
    </Filter>
  </ItemGroup>
</Project>
